PODS:
  - APIKit (5.4.0)
  - SwiftGen (6.6.2)
  - SwiftyJSON (5.0.2)

DEPENDENCIES:
  - APIKit
  - SwiftGen (~> 6.0)
  - SwiftyJSON

SPEC REPOS:
  trunk:
    - APIKit
    - SwiftGen
    - SwiftyJSON

SPEC CHECKSUMS:
  APIKit: 0680e86d2e8abd5bc42e64963f5f89d209eb9271
  SwiftGen: 1366a7f71aeef49954ca5a63ba4bef6b0f24138c
  SwiftyJSON: f5b1bf1cd8dd53cd25887ac0eabcfd92301c6a5a

PODFILE CHECKSUM: 14c74c7388b4260634aba58f57465296eb146d1b

COCOAPODS: 1.15.2
