// !$*UTF8*$!
{
	archiveVersion = 1;
	classes = {
	};
	objectVersion = 56;
	objects = {

/* Begin PBXBuildFile section */
		1E0CBD602AE25C44001917B9 /* ImagePicker.swift in Sources */ = {isa = PBXBuildFile; fileRef = 1E0CBD5F2AE25C44001917B9 /* ImagePicker.swift */; };
		1E62EE712AD8D0080031CB1B /* FloatingView.swift in Sources */ = {isa = PBXBuildFile; fileRef = 1E62EE702AD8D0080031CB1B /* FloatingView.swift */; };
		1E771ADA2AF35B1C00119B16 /* HalfModalView.swift in Sources */ = {isa = PBXBuildFile; fileRef = 1E771AD92AF35B1C00119B16 /* HalfModalView.swift */; };
		1E883AA52C8ADF7C00729FDC /* SwiftyJSON in Frameworks */ = {isa = PBXBuildFile; productRef = 1E883AA42C8ADF7C00729FDC /* SwiftyJSON */; };
		1E883AA82C8ADF8700729FDC /* APIKit in Frameworks */ = {isa = PBXBuildFile; productRef = 1E883AA72C8ADF8700729FDC /* APIKit */; };
		4011E8692A49759C003F06BF /* SwiftUI_PlaygroundApp.swift in Sources */ = {isa = PBXBuildFile; fileRef = 4011E8682A49759C003F06BF /* SwiftUI_PlaygroundApp.swift */; };
		4011E86B2A49759C003F06BF /* HomeView.swift in Sources */ = {isa = PBXBuildFile; fileRef = 4011E86A2A49759C003F06BF /* HomeView.swift */; };
		4011E86D2A49759D003F06BF /* Assets.xcassets in Resources */ = {isa = PBXBuildFile; fileRef = 4011E86C2A49759D003F06BF /* Assets.xcassets */; };
		4011E8702A49759D003F06BF /* Preview Assets.xcassets in Resources */ = {isa = PBXBuildFile; fileRef = 4011E86F2A49759D003F06BF /* Preview Assets.xcassets */; };
		4011E87E2A497644003F06BF /* HomeModel.swift in Sources */ = {isa = PBXBuildFile; fileRef = 4011E87D2A497644003F06BF /* HomeModel.swift */; };
		4011E8822A49769B003F06BF /* Colors.xcassets in Resources */ = {isa = PBXBuildFile; fileRef = 4011E8812A49769B003F06BF /* Colors.xcassets */; };
		4011E8842A4976AA003F06BF /* Localizable.strings in Resources */ = {isa = PBXBuildFile; fileRef = 4011E8832A4976AA003F06BF /* Localizable.strings */; };
		4011E8872A4976C9003F06BF /* Assets.swift in Sources */ = {isa = PBXBuildFile; fileRef = 4011E8862A4976C9003F06BF /* Assets.swift */; };
		4011E8892A4976D0003F06BF /* LocalizableStrings.swift in Sources */ = {isa = PBXBuildFile; fileRef = 4011E8882A4976D0003F06BF /* LocalizableStrings.swift */; };
		4011E88B2A4976DA003F06BF /* Fonts.swift in Sources */ = {isa = PBXBuildFile; fileRef = 4011E88A2A4976DA003F06BF /* Fonts.swift */; };
		4011E88D2A4976EC003F06BF /* Caprasimo-Regular.ttf in Resources */ = {isa = PBXBuildFile; fileRef = 4011E88C2A4976EC003F06BF /* Caprasimo-Regular.ttf */; };
		4011E88F2A497727003F06BF /* HomeViewModel.swift in Sources */ = {isa = PBXBuildFile; fileRef = 4011E88E2A497727003F06BF /* HomeViewModel.swift */; };
		401E4F1E2B3E675D0004D507 /* RubikDoodleShadow-Regular.ttf in Resources */ = {isa = PBXBuildFile; fileRef = 401E4F1D2B3E675D0004D507 /* RubikDoodleShadow-Regular.ttf */; };
		406148192B099409004D146A /* PokeAPIManager.swift in Sources */ = {isa = PBXBuildFile; fileRef = 406148182B099409004D146A /* PokeAPIManager.swift */; };
		4075FD102C8D4EB500C52938 /* FirebaseAnalytics in Frameworks */ = {isa = PBXBuildFile; productRef = 4075FD0F2C8D4EB500C52938 /* FirebaseAnalytics */; };
		4075FD122C8D4EB500C52938 /* FirebaseAnalyticsOnDeviceConversion in Frameworks */ = {isa = PBXBuildFile; productRef = 4075FD112C8D4EB500C52938 /* FirebaseAnalyticsOnDeviceConversion */; };
		4075FD142C8D4EB500C52938 /* FirebaseAnalyticsWithoutAdIdSupport in Frameworks */ = {isa = PBXBuildFile; productRef = 4075FD132C8D4EB500C52938 /* FirebaseAnalyticsWithoutAdIdSupport */; };
		4075FD162C8D4EB500C52938 /* FirebaseAppCheck in Frameworks */ = {isa = PBXBuildFile; productRef = 4075FD152C8D4EB500C52938 /* FirebaseAppCheck */; };
		4075FD182C8D4EB500C52938 /* FirebaseAppDistribution-Beta in Frameworks */ = {isa = PBXBuildFile; productRef = 4075FD172C8D4EB500C52938 /* FirebaseAppDistribution-Beta */; };
		4075FD1A2C8D4EB500C52938 /* FirebaseAuth in Frameworks */ = {isa = PBXBuildFile; productRef = 4075FD192C8D4EB500C52938 /* FirebaseAuth */; };
		4075FD1C2C8D4EB500C52938 /* FirebaseAuthCombine-Community in Frameworks */ = {isa = PBXBuildFile; productRef = 4075FD1B2C8D4EB500C52938 /* FirebaseAuthCombine-Community */; };
		4075FD1E2C8D4EB500C52938 /* FirebaseCrashlytics in Frameworks */ = {isa = PBXBuildFile; productRef = 4075FD1D2C8D4EB500C52938 /* FirebaseCrashlytics */; };
		4075FD202C8D4EB500C52938 /* FirebaseDatabase in Frameworks */ = {isa = PBXBuildFile; productRef = 4075FD1F2C8D4EB500C52938 /* FirebaseDatabase */; };
		4075FD222C8D4EB500C52938 /* FirebaseDynamicLinks in Frameworks */ = {isa = PBXBuildFile; productRef = 4075FD212C8D4EB500C52938 /* FirebaseDynamicLinks */; };
		4075FD242C8D4EB500C52938 /* FirebaseFirestore in Frameworks */ = {isa = PBXBuildFile; productRef = 4075FD232C8D4EB500C52938 /* FirebaseFirestore */; };
		4075FD262C8D4EB500C52938 /* FirebaseFirestoreCombine-Community in Frameworks */ = {isa = PBXBuildFile; productRef = 4075FD252C8D4EB500C52938 /* FirebaseFirestoreCombine-Community */; };
		4075FD282C8D4EB500C52938 /* FirebaseFunctions in Frameworks */ = {isa = PBXBuildFile; productRef = 4075FD272C8D4EB500C52938 /* FirebaseFunctions */; };
		4075FD2A2C8D4EB500C52938 /* FirebaseFunctionsCombine-Community in Frameworks */ = {isa = PBXBuildFile; productRef = 4075FD292C8D4EB500C52938 /* FirebaseFunctionsCombine-Community */; };
		4075FD2C2C8D4EB500C52938 /* FirebaseInAppMessaging-Beta in Frameworks */ = {isa = PBXBuildFile; productRef = 4075FD2B2C8D4EB500C52938 /* FirebaseInAppMessaging-Beta */; };
		4075FD2E2C8D4EB500C52938 /* FirebaseInstallations in Frameworks */ = {isa = PBXBuildFile; productRef = 4075FD2D2C8D4EB500C52938 /* FirebaseInstallations */; };
		4075FD302C8D4EB500C52938 /* FirebaseMLModelDownloader in Frameworks */ = {isa = PBXBuildFile; productRef = 4075FD2F2C8D4EB500C52938 /* FirebaseMLModelDownloader */; };
		4075FD322C8D4EB500C52938 /* FirebaseMessaging in Frameworks */ = {isa = PBXBuildFile; productRef = 4075FD312C8D4EB500C52938 /* FirebaseMessaging */; };
		4075FD342C8D4EB500C52938 /* FirebasePerformance in Frameworks */ = {isa = PBXBuildFile; productRef = 4075FD332C8D4EB500C52938 /* FirebasePerformance */; };
		4075FD362C8D4EB500C52938 /* FirebaseRemoteConfig in Frameworks */ = {isa = PBXBuildFile; productRef = 4075FD352C8D4EB500C52938 /* FirebaseRemoteConfig */; };
		4075FD382C8D4EB500C52938 /* FirebaseStorage in Frameworks */ = {isa = PBXBuildFile; productRef = 4075FD372C8D4EB500C52938 /* FirebaseStorage */; };
		4075FD3A2C8D4EB500C52938 /* FirebaseStorageCombine-Community in Frameworks */ = {isa = PBXBuildFile; productRef = 4075FD392C8D4EB500C52938 /* FirebaseStorageCombine-Community */; };
		4075FD3C2C8D4EB500C52938 /* FirebaseVertexAI-Preview in Frameworks */ = {isa = PBXBuildFile; productRef = 4075FD3B2C8D4EB500C52938 /* FirebaseVertexAI-Preview */; };
		4075FD3F2C8D4EC600C52938 /* GoogleService-Info.plist in Resources */ = {isa = PBXBuildFile; fileRef = 4075FD3E2C8D4EC600C52938 /* GoogleService-Info.plist */; };
		40779B7D2A528D3200505ABD /* CustomComponents.swift in Sources */ = {isa = PBXBuildFile; fileRef = 40779B7C2A528D3200505ABD /* CustomComponents.swift */; };
		40E18EA02C8D9C3F00C226C3 /* AuthManager.swift in Sources */ = {isa = PBXBuildFile; fileRef = 40E18E9F2C8D9C3F00C226C3 /* AuthManager.swift */; };
/* End PBXBuildFile section */

/* Begin PBXFileReference section */
		1E0CBD5F2AE25C44001917B9 /* ImagePicker.swift */ = {isa = PBXFileReference; lastKnownFileType = sourcecode.swift; path = ImagePicker.swift; sourceTree = "<group>"; };
		1E62EE702AD8D0080031CB1B /* FloatingView.swift */ = {isa = PBXFileReference; lastKnownFileType = sourcecode.swift; path = FloatingView.swift; sourceTree = "<group>"; };
		1E771AD92AF35B1C00119B16 /* HalfModalView.swift */ = {isa = PBXFileReference; lastKnownFileType = sourcecode.swift; path = HalfModalView.swift; sourceTree = "<group>"; };
		1EF7E5942ADCD9210032015B /* SwiftUI-Playground-Info.plist */ = {isa = PBXFileReference; lastKnownFileType = text.plist; path = "SwiftUI-Playground-Info.plist"; sourceTree = SOURCE_ROOT; };
		4011E8652A49759C003F06BF /* SwiftUI_Playground.app */ = {isa = PBXFileReference; explicitFileType = wrapper.application; includeInIndex = 0; path = SwiftUI_Playground.app; sourceTree = BUILT_PRODUCTS_DIR; };
		4011E8682A49759C003F06BF /* SwiftUI_PlaygroundApp.swift */ = {isa = PBXFileReference; lastKnownFileType = sourcecode.swift; path = SwiftUI_PlaygroundApp.swift; sourceTree = "<group>"; };
		4011E86A2A49759C003F06BF /* HomeView.swift */ = {isa = PBXFileReference; lastKnownFileType = sourcecode.swift; path = HomeView.swift; sourceTree = "<group>"; };
		4011E86C2A49759D003F06BF /* Assets.xcassets */ = {isa = PBXFileReference; lastKnownFileType = folder.assetcatalog; path = Assets.xcassets; sourceTree = "<group>"; };
		4011E86F2A49759D003F06BF /* Preview Assets.xcassets */ = {isa = PBXFileReference; lastKnownFileType = folder.assetcatalog; path = "Preview Assets.xcassets"; sourceTree = "<group>"; };
		4011E87D2A497644003F06BF /* HomeModel.swift */ = {isa = PBXFileReference; lastKnownFileType = sourcecode.swift; path = HomeModel.swift; sourceTree = "<group>"; };
		4011E8812A49769B003F06BF /* Colors.xcassets */ = {isa = PBXFileReference; lastKnownFileType = folder.assetcatalog; path = Colors.xcassets; sourceTree = "<group>"; };
		4011E8832A4976AA003F06BF /* Localizable.strings */ = {isa = PBXFileReference; lastKnownFileType = text.plist.strings; path = Localizable.strings; sourceTree = "<group>"; };
		4011E8862A4976C9003F06BF /* Assets.swift */ = {isa = PBXFileReference; lastKnownFileType = sourcecode.swift; path = Assets.swift; sourceTree = "<group>"; };
		4011E8882A4976D0003F06BF /* LocalizableStrings.swift */ = {isa = PBXFileReference; lastKnownFileType = sourcecode.swift; path = LocalizableStrings.swift; sourceTree = "<group>"; };
		4011E88A2A4976DA003F06BF /* Fonts.swift */ = {isa = PBXFileReference; lastKnownFileType = sourcecode.swift; path = Fonts.swift; sourceTree = "<group>"; };
		4011E88C2A4976EC003F06BF /* Caprasimo-Regular.ttf */ = {isa = PBXFileReference; lastKnownFileType = file; path = "Caprasimo-Regular.ttf"; sourceTree = "<group>"; };
		4011E88E2A497727003F06BF /* HomeViewModel.swift */ = {isa = PBXFileReference; lastKnownFileType = sourcecode.swift; path = HomeViewModel.swift; sourceTree = "<group>"; };
		401E4F1D2B3E675D0004D507 /* RubikDoodleShadow-Regular.ttf */ = {isa = PBXFileReference; lastKnownFileType = file; path = "RubikDoodleShadow-Regular.ttf"; sourceTree = "<group>"; };
		406148182B099409004D146A /* PokeAPIManager.swift */ = {isa = PBXFileReference; lastKnownFileType = sourcecode.swift; path = PokeAPIManager.swift; sourceTree = "<group>"; };
		4075FD3E2C8D4EC600C52938 /* GoogleService-Info.plist */ = {isa = PBXFileReference; fileEncoding = 4; lastKnownFileType = text.plist.xml; path = "GoogleService-Info.plist"; sourceTree = "<group>"; };
		40779B7C2A528D3200505ABD /* CustomComponents.swift */ = {isa = PBXFileReference; lastKnownFileType = sourcecode.swift; path = CustomComponents.swift; sourceTree = "<group>"; };
		40E18E9F2C8D9C3F00C226C3 /* AuthManager.swift */ = {isa = PBXFileReference; lastKnownFileType = sourcecode.swift; path = AuthManager.swift; sourceTree = "<group>"; };
/* End PBXFileReference section */

/* Begin PBXFrameworksBuildPhase section */
		4011E8622A49759C003F06BF /* Frameworks */ = {
			isa = PBXFrameworksBuildPhase;
			buildActionMask = 2147483647;
			files = (
				4075FD182C8D4EB500C52938 /* FirebaseAppDistribution-Beta in Frameworks */,
				4075FD242C8D4EB500C52938 /* FirebaseFirestore in Frameworks */,
				4075FD1C2C8D4EB500C52938 /* FirebaseAuthCombine-Community in Frameworks */,
				4075FD2E2C8D4EB500C52938 /* FirebaseInstallations in Frameworks */,
				1E883AA82C8ADF8700729FDC /* APIKit in Frameworks */,
				4075FD3C2C8D4EB500C52938 /* FirebaseVertexAI-Preview in Frameworks */,
				4075FD142C8D4EB500C52938 /* FirebaseAnalyticsWithoutAdIdSupport in Frameworks */,
				4075FD2C2C8D4EB500C52938 /* FirebaseInAppMessaging-Beta in Frameworks */,
				1E883AA52C8ADF7C00729FDC /* SwiftyJSON in Frameworks */,
				4075FD102C8D4EB500C52938 /* FirebaseAnalytics in Frameworks */,
				4075FD2A2C8D4EB500C52938 /* FirebaseFunctionsCombine-Community in Frameworks */,
				4075FD3A2C8D4EB500C52938 /* FirebaseStorageCombine-Community in Frameworks */,
				4075FD162C8D4EB500C52938 /* FirebaseAppCheck in Frameworks */,
				4075FD382C8D4EB500C52938 /* FirebaseStorage in Frameworks */,
				4075FD362C8D4EB500C52938 /* FirebaseRemoteConfig in Frameworks */,
				4075FD1E2C8D4EB500C52938 /* FirebaseCrashlytics in Frameworks */,
				4075FD322C8D4EB500C52938 /* FirebaseMessaging in Frameworks */,
				4075FD302C8D4EB500C52938 /* FirebaseMLModelDownloader in Frameworks */,
				4075FD342C8D4EB500C52938 /* FirebasePerformance in Frameworks */,
				4075FD202C8D4EB500C52938 /* FirebaseDatabase in Frameworks */,
				4075FD122C8D4EB500C52938 /* FirebaseAnalyticsOnDeviceConversion in Frameworks */,
				4075FD1A2C8D4EB500C52938 /* FirebaseAuth in Frameworks */,
				4075FD282C8D4EB500C52938 /* FirebaseFunctions in Frameworks */,
				4075FD222C8D4EB500C52938 /* FirebaseDynamicLinks in Frameworks */,
				4075FD262C8D4EB500C52938 /* FirebaseFirestoreCombine-Community in Frameworks */,
			);
			runOnlyForDeploymentPostprocessing = 0;
		};
/* End PBXFrameworksBuildPhase section */

/* Begin PBXGroup section */
		4011E85C2A49759C003F06BF = {
			isa = PBXGroup;
			children = (
				4011E8672A49759C003F06BF /* SwiftUI_Playground */,
				4011E8662A49759C003F06BF /* Products */,
			);
			sourceTree = "<group>";
		};
		4011E8662A49759C003F06BF /* Products */ = {
			isa = PBXGroup;
			children = (
				4011E8652A49759C003F06BF /* SwiftUI_Playground.app */,
			);
			name = Products;
			sourceTree = "<group>";
		};
		4011E8672A49759C003F06BF /* SwiftUI_Playground */ = {
			isa = PBXGroup;
			children = (
				1EF7E5942ADCD9210032015B /* SwiftUI-Playground-Info.plist */,
				4011E8782A497608003F06BF /* Resources */,
				4011E8772A497604003F06BF /* Sources */,
				4011E8762A4975FE003F06BF /* Generated */,
				4011E86E2A49759D003F06BF /* Preview Content */,
			);
			path = SwiftUI_Playground;
			sourceTree = "<group>";
		};
		4011E86E2A49759D003F06BF /* Preview Content */ = {
			isa = PBXGroup;
			children = (
				4011E86F2A49759D003F06BF /* Preview Assets.xcassets */,
			);
			path = "Preview Content";
			sourceTree = "<group>";
		};
		4011E8762A4975FE003F06BF /* Generated */ = {
			isa = PBXGroup;
			children = (
				4011E8862A4976C9003F06BF /* Assets.swift */,
				4011E8882A4976D0003F06BF /* LocalizableStrings.swift */,
				4011E88A2A4976DA003F06BF /* Fonts.swift */,
			);
			path = Generated;
			sourceTree = "<group>";
		};
		4011E8772A497604003F06BF /* Sources */ = {
			isa = PBXGroup;
			children = (
				4011E8682A49759C003F06BF /* SwiftUI_PlaygroundApp.swift */,
				4011E87C2A497630003F06BF /* Models */,
				4011E87B2A49762D003F06BF /* Views */,
				4011E87A2A497628003F06BF /* ViewModels */,
			);
			path = Sources;
			sourceTree = "<group>";
		};
		4011E8782A497608003F06BF /* Resources */ = {
			isa = PBXGroup;
			children = (
				4075FD3D2C8D4EBB00C52938 /* Firebase */,
				4011E86C2A49759D003F06BF /* Assets.xcassets */,
				4011E8812A49769B003F06BF /* Colors.xcassets */,
				4011E8832A4976AA003F06BF /* Localizable.strings */,
				4011E8852A4976B2003F06BF /* Fonts */,
			);
			path = Resources;
			sourceTree = "<group>";
		};
		4011E87A2A497628003F06BF /* ViewModels */ = {
			isa = PBXGroup;
			children = (
				4011E88E2A497727003F06BF /* HomeViewModel.swift */,
				40E18E9F2C8D9C3F00C226C3 /* AuthManager.swift */,
			);
			path = ViewModels;
			sourceTree = "<group>";
		};
		4011E87B2A49762D003F06BF /* Views */ = {
			isa = PBXGroup;
			children = (
				4011E86A2A49759C003F06BF /* HomeView.swift */,
				1E62EE702AD8D0080031CB1B /* FloatingView.swift */,
				1E771AD92AF35B1C00119B16 /* HalfModalView.swift */,
				40779B7B2A528D2800505ABD /* Modifiers */,
			);
			path = Views;
			sourceTree = "<group>";
		};
		4011E87C2A497630003F06BF /* Models */ = {
			isa = PBXGroup;
			children = (
				4011E87D2A497644003F06BF /* HomeModel.swift */,
				1E0CBD5F2AE25C44001917B9 /* ImagePicker.swift */,
				406148182B099409004D146A /* PokeAPIManager.swift */,
			);
			path = Models;
			sourceTree = "<group>";
		};
		4011E8852A4976B2003F06BF /* Fonts */ = {
			isa = PBXGroup;
			children = (
				4011E88C2A4976EC003F06BF /* Caprasimo-Regular.ttf */,
				401E4F1D2B3E675D0004D507 /* RubikDoodleShadow-Regular.ttf */,
			);
			path = Fonts;
			sourceTree = "<group>";
		};
		4075FD3D2C8D4EBB00C52938 /* Firebase */ = {
			isa = PBXGroup;
			children = (
				4075FD3E2C8D4EC600C52938 /* GoogleService-Info.plist */,
			);
			path = Firebase;
			sourceTree = "<group>";
		};
		40779B7B2A528D2800505ABD /* Modifiers */ = {
			isa = PBXGroup;
			children = (
				40779B7C2A528D3200505ABD /* CustomComponents.swift */,
			);
			path = Modifiers;
			sourceTree = "<group>";
		};
/* End PBXGroup section */

/* Begin PBXNativeTarget section */
		4011E8642A49759C003F06BF /* SwiftUI_Playground */ = {
			isa = PBXNativeTarget;
			buildConfigurationList = 4011E8732A49759D003F06BF /* Build configuration list for PBXNativeTarget "SwiftUI_Playground" */;
			buildPhases = (
				4011E8612A49759C003F06BF /* Sources */,
				4011E8622A49759C003F06BF /* Frameworks */,
				4011E8632A49759C003F06BF /* Resources */,
				40779B5A2A4EDE0700505ABD /* SwiftLint */,
			);
			buildRules = (
			);
			dependencies = (
			);
			name = SwiftUI_Playground;
			packageProductDependencies = (
				1E883AA42C8ADF7C00729FDC /* SwiftyJSON */,
				1E883AA72C8ADF8700729FDC /* APIKit */,
				4075FD0F2C8D4EB500C52938 /* FirebaseAnalytics */,
				4075FD112C8D4EB500C52938 /* FirebaseAnalyticsOnDeviceConversion */,
				4075FD132C8D4EB500C52938 /* FirebaseAnalyticsWithoutAdIdSupport */,
				4075FD152C8D4EB500C52938 /* FirebaseAppCheck */,
				4075FD172C8D4EB500C52938 /* FirebaseAppDistribution-Beta */,
				4075FD192C8D4EB500C52938 /* FirebaseAuth */,
				4075FD1B2C8D4EB500C52938 /* FirebaseAuthCombine-Community */,
				4075FD1D2C8D4EB500C52938 /* FirebaseCrashlytics */,
				4075FD1F2C8D4EB500C52938 /* FirebaseDatabase */,
				4075FD212C8D4EB500C52938 /* FirebaseDynamicLinks */,
				4075FD232C8D4EB500C52938 /* FirebaseFirestore */,
				4075FD252C8D4EB500C52938 /* FirebaseFirestoreCombine-Community */,
				4075FD272C8D4EB500C52938 /* FirebaseFunctions */,
				4075FD292C8D4EB500C52938 /* FirebaseFunctionsCombine-Community */,
				4075FD2B2C8D4EB500C52938 /* FirebaseInAppMessaging-Beta */,
				4075FD2D2C8D4EB500C52938 /* FirebaseInstallations */,
				4075FD2F2C8D4EB500C52938 /* FirebaseMLModelDownloader */,
				4075FD312C8D4EB500C52938 /* FirebaseMessaging */,
				4075FD332C8D4EB500C52938 /* FirebasePerformance */,
				4075FD352C8D4EB500C52938 /* FirebaseRemoteConfig */,
				4075FD372C8D4EB500C52938 /* FirebaseStorage */,
				4075FD392C8D4EB500C52938 /* FirebaseStorageCombine-Community */,
				4075FD3B2C8D4EB500C52938 /* FirebaseVertexAI-Preview */,
			);
			productName = SwiftUI_Playground;
			productReference = 4011E8652A49759C003F06BF /* SwiftUI_Playground.app */;
			productType = "com.apple.product-type.application";
		};
/* End PBXNativeTarget section */

/* Begin PBXProject section */
		4011E85D2A49759C003F06BF /* Project object */ = {
			isa = PBXProject;
			attributes = {
				BuildIndependentTargetsInParallel = 1;
				LastSwiftUpdateCheck = 1420;
				LastUpgradeCheck = 1420;
				TargetAttributes = {
					4011E8642A49759C003F06BF = {
						CreatedOnToolsVersion = 14.2;
					};
				};
			};
			buildConfigurationList = 4011E8602A49759C003F06BF /* Build configuration list for PBXProject "SwiftUI_Playground" */;
			compatibilityVersion = "Xcode 14.0";
			developmentRegion = en;
			hasScannedForEncodings = 0;
			knownRegions = (
				en,
				Base,
			);
			mainGroup = 4011E85C2A49759C003F06BF;
			packageReferences = (
				1E883A9D2C8ADEAB00729FDC /* XCRemoteSwiftPackageReference "SwiftGen" */,
				1E883AA32C8ADF7C00729FDC /* XCRemoteSwiftPackageReference "SwiftyJSON" */,
				1E883AA62C8ADF8700729FDC /* XCRemoteSwiftPackageReference "APIKit" */,
				4075FD0E2C8D4EB500C52938 /* XCRemoteSwiftPackageReference "firebase-ios-sdk" */,
			);
			productRefGroup = 4011E8662A49759C003F06BF /* Products */;
			projectDirPath = "";
			projectRoot = "";
			targets = (
				4011E8642A49759C003F06BF /* SwiftUI_Playground */,
			);
		};
/* End PBXProject section */

/* Begin PBXResourcesBuildPhase section */
		4011E8632A49759C003F06BF /* Resources */ = {
			isa = PBXResourcesBuildPhase;
			buildActionMask = 2147483647;
			files = (
				4011E88D2A4976EC003F06BF /* Caprasimo-Regular.ttf in Resources */,
				4011E8822A49769B003F06BF /* Colors.xcassets in Resources */,
				401E4F1E2B3E675D0004D507 /* RubikDoodleShadow-Regular.ttf in Resources */,
				4011E8842A4976AA003F06BF /* Localizable.strings in Resources */,
				4011E8702A49759D003F06BF /* Preview Assets.xcassets in Resources */,
				4011E86D2A49759D003F06BF /* Assets.xcassets in Resources */,
				4075FD3F2C8D4EC600C52938 /* GoogleService-Info.plist in Resources */,
			);
			runOnlyForDeploymentPostprocessing = 0;
		};
/* End PBXResourcesBuildPhase section */

/* Begin PBXShellScriptBuildPhase section */
		40779B5A2A4EDE0700505ABD /* SwiftLint */ = {
			isa = PBXShellScriptBuildPhase;
			alwaysOutOfDate = 1;
			buildActionMask = 2147483647;
			files = (
			);
			inputFileListPaths = (
			);
			inputPaths = (
			);
			name = SwiftLint;
			outputFileListPaths = (
			);
			outputPaths = (
			);
			runOnlyForDeploymentPostprocessing = 0;
			shellPath = /bin/sh;
			shellScript = "export PATH=\"$PATH:/opt/homebrew/bin\"\nif which swiftlint >/dev/null; then\n  swiftlint autocorrect --format # 自動修正の有効化\n  swiftlint\nelse\n  echo \"SwiftLint does not exist, download from https://github.com/realm/SwiftLint\"\nfi\n";
			showEnvVarsInLog = 0;
		};
/* End PBXShellScriptBuildPhase section */

/* Begin PBXSourcesBuildPhase section */
		4011E8612A49759C003F06BF /* Sources */ = {
			isa = PBXSourcesBuildPhase;
			buildActionMask = 2147483647;
			files = (
				1E62EE712AD8D0080031CB1B /* FloatingView.swift in Sources */,
				4011E88B2A4976DA003F06BF /* Fonts.swift in Sources */,
				4011E86B2A49759C003F06BF /* HomeView.swift in Sources */,
				40E18EA02C8D9C3F00C226C3 /* AuthManager.swift in Sources */,
				1E771ADA2AF35B1C00119B16 /* HalfModalView.swift in Sources */,
				40779B7D2A528D3200505ABD /* CustomComponents.swift in Sources */,
				4011E8892A4976D0003F06BF /* LocalizableStrings.swift in Sources */,
				4011E88F2A497727003F06BF /* HomeViewModel.swift in Sources */,
				406148192B099409004D146A /* PokeAPIManager.swift in Sources */,
				4011E87E2A497644003F06BF /* HomeModel.swift in Sources */,
				1E0CBD602AE25C44001917B9 /* ImagePicker.swift in Sources */,
				4011E8872A4976C9003F06BF /* Assets.swift in Sources */,
				4011E8692A49759C003F06BF /* SwiftUI_PlaygroundApp.swift in Sources */,
			);
			runOnlyForDeploymentPostprocessing = 0;
		};
/* End PBXSourcesBuildPhase section */

/* Begin XCBuildConfiguration section */
		4011E8712A49759D003F06BF /* Debug */ = {
			isa = XCBuildConfiguration;
			buildSettings = {
				ALWAYS_SEARCH_USER_PATHS = NO;
				CLANG_ANALYZER_NONNULL = YES;
				CLANG_ANALYZER_NUMBER_OBJECT_CONVERSION = YES_AGGRESSIVE;
				CLANG_CXX_LANGUAGE_STANDARD = "gnu++20";
				CLANG_ENABLE_MODULES = YES;
				CLANG_ENABLE_OBJC_ARC = YES;
				CLANG_ENABLE_OBJC_WEAK = YES;
				CLANG_WARN_BLOCK_CAPTURE_AUTORELEASING = YES;
				CLANG_WARN_BOOL_CONVERSION = YES;
				CLANG_WARN_COMMA = YES;
				CLANG_WARN_CONSTANT_CONVERSION = YES;
				CLANG_WARN_DEPRECATED_OBJC_IMPLEMENTATIONS = YES;
				CLANG_WARN_DIRECT_OBJC_ISA_USAGE = YES_ERROR;
				CLANG_WARN_DOCUMENTATION_COMMENTS = YES;
				CLANG_WARN_EMPTY_BODY = YES;
				CLANG_WARN_ENUM_CONVERSION = YES;
				CLANG_WARN_INFINITE_RECURSION = YES;
				CLANG_WARN_INT_CONVERSION = YES;
				CLANG_WARN_NON_LITERAL_NULL_CONVERSION = YES;
				CLANG_WARN_OBJC_IMPLICIT_RETAIN_SELF = YES;
				CLANG_WARN_OBJC_LITERAL_CONVERSION = YES;
				CLANG_WARN_OBJC_ROOT_CLASS = YES_ERROR;
				CLANG_WARN_QUOTED_INCLUDE_IN_FRAMEWORK_HEADER = YES;
				CLANG_WARN_RANGE_LOOP_ANALYSIS = YES;
				CLANG_WARN_STRICT_PROTOTYPES = YES;
				CLANG_WARN_SUSPICIOUS_MOVE = YES;
				CLANG_WARN_UNGUARDED_AVAILABILITY = YES_AGGRESSIVE;
				CLANG_WARN_UNREACHABLE_CODE = YES;
				CLANG_WARN__DUPLICATE_METHOD_MATCH = YES;
				COPY_PHASE_STRIP = NO;
				DEBUG_INFORMATION_FORMAT = dwarf;
				ENABLE_STRICT_OBJC_MSGSEND = YES;
				ENABLE_TESTABILITY = YES;
				GCC_C_LANGUAGE_STANDARD = gnu11;
				GCC_DYNAMIC_NO_PIC = NO;
				GCC_NO_COMMON_BLOCKS = YES;
				GCC_OPTIMIZATION_LEVEL = 0;
				GCC_PREPROCESSOR_DEFINITIONS = (
					"DEBUG=1",
					"$(inherited)",
				);
				GCC_WARN_64_TO_32_BIT_CONVERSION = YES;
				GCC_WARN_ABOUT_RETURN_TYPE = YES_ERROR;
				GCC_WARN_UNDECLARED_SELECTOR = YES;
				GCC_WARN_UNINITIALIZED_AUTOS = YES_AGGRESSIVE;
				GCC_WARN_UNUSED_FUNCTION = YES;
				GCC_WARN_UNUSED_VARIABLE = YES;
				IPHONEOS_DEPLOYMENT_TARGET = 16.0;
				MTL_ENABLE_DEBUG_INFO = INCLUDE_SOURCE;
				MTL_FAST_MATH = YES;
				ONLY_ACTIVE_ARCH = YES;
				SDKROOT = iphoneos;
				SWIFT_ACTIVE_COMPILATION_CONDITIONS = DEBUG;
				SWIFT_OPTIMIZATION_LEVEL = "-Onone";
			};
			name = Debug;
		};
		4011E8722A49759D003F06BF /* Release */ = {
			isa = XCBuildConfiguration;
			buildSettings = {
				ALWAYS_SEARCH_USER_PATHS = NO;
				CLANG_ANALYZER_NONNULL = YES;
				CLANG_ANALYZER_NUMBER_OBJECT_CONVERSION = YES_AGGRESSIVE;
				CLANG_CXX_LANGUAGE_STANDARD = "gnu++20";
				CLANG_ENABLE_MODULES = YES;
				CLANG_ENABLE_OBJC_ARC = YES;
				CLANG_ENABLE_OBJC_WEAK = YES;
				CLANG_WARN_BLOCK_CAPTURE_AUTORELEASING = YES;
				CLANG_WARN_BOOL_CONVERSION = YES;
				CLANG_WARN_COMMA = YES;
				CLANG_WARN_CONSTANT_CONVERSION = YES;
				CLANG_WARN_DEPRECATED_OBJC_IMPLEMENTATIONS = YES;
				CLANG_WARN_DIRECT_OBJC_ISA_USAGE = YES_ERROR;
				CLANG_WARN_DOCUMENTATION_COMMENTS = YES;
				CLANG_WARN_EMPTY_BODY = YES;
				CLANG_WARN_ENUM_CONVERSION = YES;
				CLANG_WARN_INFINITE_RECURSION = YES;
				CLANG_WARN_INT_CONVERSION = YES;
				CLANG_WARN_NON_LITERAL_NULL_CONVERSION = YES;
				CLANG_WARN_OBJC_IMPLICIT_RETAIN_SELF = YES;
				CLANG_WARN_OBJC_LITERAL_CONVERSION = YES;
				CLANG_WARN_OBJC_ROOT_CLASS = YES_ERROR;
				CLANG_WARN_QUOTED_INCLUDE_IN_FRAMEWORK_HEADER = YES;
				CLANG_WARN_RANGE_LOOP_ANALYSIS = YES;
				CLANG_WARN_STRICT_PROTOTYPES = YES;
				CLANG_WARN_SUSPICIOUS_MOVE = YES;
				CLANG_WARN_UNGUARDED_AVAILABILITY = YES_AGGRESSIVE;
				CLANG_WARN_UNREACHABLE_CODE = YES;
				CLANG_WARN__DUPLICATE_METHOD_MATCH = YES;
				COPY_PHASE_STRIP = NO;
				DEBUG_INFORMATION_FORMAT = "dwarf-with-dsym";
				ENABLE_NS_ASSERTIONS = NO;
				ENABLE_STRICT_OBJC_MSGSEND = YES;
				GCC_C_LANGUAGE_STANDARD = gnu11;
				GCC_NO_COMMON_BLOCKS = YES;
				GCC_WARN_64_TO_32_BIT_CONVERSION = YES;
				GCC_WARN_ABOUT_RETURN_TYPE = YES_ERROR;
				GCC_WARN_UNDECLARED_SELECTOR = YES;
				GCC_WARN_UNINITIALIZED_AUTOS = YES_AGGRESSIVE;
				GCC_WARN_UNUSED_FUNCTION = YES;
				GCC_WARN_UNUSED_VARIABLE = YES;
				IPHONEOS_DEPLOYMENT_TARGET = 16.0;
				MTL_ENABLE_DEBUG_INFO = NO;
				MTL_FAST_MATH = YES;
				SDKROOT = iphoneos;
				SWIFT_COMPILATION_MODE = wholemodule;
				SWIFT_OPTIMIZATION_LEVEL = "-O";
				VALIDATE_PRODUCT = YES;
			};
			name = Release;
		};
		4011E8742A49759D003F06BF /* Debug */ = {
			isa = XCBuildConfiguration;
			buildSettings = {
				ASSETCATALOG_COMPILER_APPICON_NAME = AppIcon;
				ASSETCATALOG_COMPILER_GLOBAL_ACCENT_COLOR_NAME = AccentColor;
				CODE_SIGN_STYLE = Automatic;
				CURRENT_PROJECT_VERSION = 1.0.0;
				DEVELOPMENT_ASSET_PATHS = "\"SwiftUI_Playground/Preview Content\"";
				DEVELOPMENT_TEAM = L6Q3MJXV23;
				ENABLE_PREVIEWS = YES;
				GENERATE_INFOPLIST_FILE = YES;
				INFOPLIST_FILE = "SwiftUI-Playground-Info.plist";
				INFOPLIST_KEY_CFBundleDisplayName = SwiftUILab;
				INFOPLIST_KEY_LSApplicationCategoryType = "public.app-category.lifestyle";
				INFOPLIST_KEY_NSCameraUsageDescription = "Allow Camera to take a photo";
				INFOPLIST_KEY_NSPhotoLibraryUsageDescription = "Allow Album to select a photo";
				INFOPLIST_KEY_UIApplicationSceneManifest_Generation = YES;
				INFOPLIST_KEY_UIApplicationSupportsIndirectInputEvents = YES;
				INFOPLIST_KEY_UILaunchScreen_Generation = YES;
				INFOPLIST_KEY_UISupportedInterfaceOrientations = UIInterfaceOrientationPortrait;
				INFOPLIST_KEY_UISupportedInterfaceOrientations_iPad = "UIInterfaceOrientationLandscapeLeft UIInterfaceOrientationLandscapeRight UIInterfaceOrientationPortrait UIInterfaceOrientationPortraitUpsideDown";
				INFOPLIST_KEY_UIUserInterfaceStyle = Light;
				LD_RUNPATH_SEARCH_PATHS = (
					"$(inherited)",
					"@executable_path/Frameworks",
				);
				MARKETING_VERSION = 1.0.0;
				PRODUCT_BUNDLE_IDENTIFIER = "com.masa4y44-.masaya.nakakuki.SwiftUI-Playground";
				PRODUCT_NAME = "$(TARGET_NAME)";
				SUPPORTED_PLATFORMS = "iphoneos iphonesimulator";
				SUPPORTS_MACCATALYST = NO;
				SUPPORTS_MAC_DESIGNED_FOR_IPHONE_IPAD = NO;
				SUPPORTS_XR_DESIGNED_FOR_IPHONE_IPAD = NO;
				SWIFT_EMIT_LOC_STRINGS = YES;
				SWIFT_VERSION = 5.0;
				TARGETED_DEVICE_FAMILY = 1;
			};
			name = Debug;
		};
		4011E8752A49759D003F06BF /* Release */ = {
			isa = XCBuildConfiguration;
			buildSettings = {
				ASSETCATALOG_COMPILER_APPICON_NAME = AppIcon;
				ASSETCATALOG_COMPILER_GLOBAL_ACCENT_COLOR_NAME = AccentColor;
				CODE_SIGN_STYLE = Automatic;
				CURRENT_PROJECT_VERSION = 1.0.0;
				DEVELOPMENT_ASSET_PATHS = "\"SwiftUI_Playground/Preview Content\"";
				DEVELOPMENT_TEAM = L6Q3MJXV23;
				ENABLE_PREVIEWS = YES;
				GENERATE_INFOPLIST_FILE = YES;
				INFOPLIST_FILE = "SwiftUI-Playground-Info.plist";
				INFOPLIST_KEY_CFBundleDisplayName = SwiftUILab;
				INFOPLIST_KEY_LSApplicationCategoryType = "public.app-category.lifestyle";
				INFOPLIST_KEY_NSCameraUsageDescription = "Allow Camera to take a photo";
				INFOPLIST_KEY_NSPhotoLibraryUsageDescription = "Allow Album to select a photo";
				INFOPLIST_KEY_UIApplicationSceneManifest_Generation = YES;
				INFOPLIST_KEY_UIApplicationSupportsIndirectInputEvents = YES;
				INFOPLIST_KEY_UILaunchScreen_Generation = YES;
				INFOPLIST_KEY_UISupportedInterfaceOrientations = UIInterfaceOrientationPortrait;
				INFOPLIST_KEY_UISupportedInterfaceOrientations_iPad = "UIInterfaceOrientationLandscapeLeft UIInterfaceOrientationLandscapeRight UIInterfaceOrientationPortrait UIInterfaceOrientationPortraitUpsideDown";
				INFOPLIST_KEY_UIUserInterfaceStyle = Light;
				LD_RUNPATH_SEARCH_PATHS = (
					"$(inherited)",
					"@executable_path/Frameworks",
				);
				MARKETING_VERSION = 1.0.0;
				PRODUCT_BUNDLE_IDENTIFIER = "com.masa4y44-.masaya.nakakuki.SwiftUI-Playground";
				PRODUCT_NAME = "$(TARGET_NAME)";
				SUPPORTED_PLATFORMS = "iphoneos iphonesimulator";
				SUPPORTS_MACCATALYST = NO;
				SUPPORTS_MAC_DESIGNED_FOR_IPHONE_IPAD = NO;
				SUPPORTS_XR_DESIGNED_FOR_IPHONE_IPAD = NO;
				SWIFT_EMIT_LOC_STRINGS = YES;
				SWIFT_VERSION = 5.0;
				TARGETED_DEVICE_FAMILY = 1;
			};
			name = Release;
		};
/* End XCBuildConfiguration section */

/* Begin XCConfigurationList section */
		4011E8602A49759C003F06BF /* Build configuration list for PBXProject "SwiftUI_Playground" */ = {
			isa = XCConfigurationList;
			buildConfigurations = (
				4011E8712A49759D003F06BF /* Debug */,
				4011E8722A49759D003F06BF /* Release */,
			);
			defaultConfigurationIsVisible = 0;
			defaultConfigurationName = Release;
		};
		4011E8732A49759D003F06BF /* Build configuration list for PBXNativeTarget "SwiftUI_Playground" */ = {
			isa = XCConfigurationList;
			buildConfigurations = (
				4011E8742A49759D003F06BF /* Debug */,
				4011E8752A49759D003F06BF /* Release */,
			);
			defaultConfigurationIsVisible = 0;
			defaultConfigurationName = Release;
		};
/* End XCConfigurationList section */

/* Begin XCRemoteSwiftPackageReference section */
		1E883A9D2C8ADEAB00729FDC /* XCRemoteSwiftPackageReference "SwiftGen" */ = {
			isa = XCRemoteSwiftPackageReference;
			repositoryURL = "https://github.com/SwiftGen/SwiftGen";
			requirement = {
				kind = upToNextMajorVersion;
				minimumVersion = 6.6.3;
			};
		};
		1E883AA32C8ADF7C00729FDC /* XCRemoteSwiftPackageReference "SwiftyJSON" */ = {
			isa = XCRemoteSwiftPackageReference;
			repositoryURL = "https://github.com/SwiftyJSON/SwiftyJSON";
			requirement = {
				kind = upToNextMajorVersion;
				minimumVersion = 5.0.2;
			};
		};
		1E883AA62C8ADF8700729FDC /* XCRemoteSwiftPackageReference "APIKit" */ = {
			isa = XCRemoteSwiftPackageReference;
			repositoryURL = "https://github.com/ishkawa/APIKit";
			requirement = {
				kind = upToNextMajorVersion;
				minimumVersion = 5.4.0;
			};
		};
		4075FD0E2C8D4EB500C52938 /* XCRemoteSwiftPackageReference "firebase-ios-sdk" */ = {
			isa = XCRemoteSwiftPackageReference;
			repositoryURL = "https://github.com/firebase/firebase-ios-sdk";
			requirement = {
				kind = upToNextMajorVersion;
				minimumVersion = 11.1.0;
			};
		};
/* End XCRemoteSwiftPackageReference section */

/* Begin XCSwiftPackageProductDependency section */
		1E883AA42C8ADF7C00729FDC /* SwiftyJSON */ = {
			isa = XCSwiftPackageProductDependency;
			package = 1E883AA32C8ADF7C00729FDC /* XCRemoteSwiftPackageReference "SwiftyJSON" */;
			productName = SwiftyJSON;
		};
		1E883AA72C8ADF8700729FDC /* APIKit */ = {
			isa = XCSwiftPackageProductDependency;
			package = 1E883AA62C8ADF8700729FDC /* XCRemoteSwiftPackageReference "APIKit" */;
			productName = APIKit;
		};
		4075FD0F2C8D4EB500C52938 /* FirebaseAnalytics */ = {
			isa = XCSwiftPackageProductDependency;
			package = 4075FD0E2C8D4EB500C52938 /* XCRemoteSwiftPackageReference "firebase-ios-sdk" */;
			productName = FirebaseAnalytics;
		};
		4075FD112C8D4EB500C52938 /* FirebaseAnalyticsOnDeviceConversion */ = {
			isa = XCSwiftPackageProductDependency;
			package = 4075FD0E2C8D4EB500C52938 /* XCRemoteSwiftPackageReference "firebase-ios-sdk" */;
			productName = FirebaseAnalyticsOnDeviceConversion;
		};
		4075FD132C8D4EB500C52938 /* FirebaseAnalyticsWithoutAdIdSupport */ = {
			isa = XCSwiftPackageProductDependency;
			package = 4075FD0E2C8D4EB500C52938 /* XCRemoteSwiftPackageReference "firebase-ios-sdk" */;
			productName = FirebaseAnalyticsWithoutAdIdSupport;
		};
		4075FD152C8D4EB500C52938 /* FirebaseAppCheck */ = {
			isa = XCSwiftPackageProductDependency;
			package = 4075FD0E2C8D4EB500C52938 /* XCRemoteSwiftPackageReference "firebase-ios-sdk" */;
			productName = FirebaseAppCheck;
		};
		4075FD172C8D4EB500C52938 /* FirebaseAppDistribution-Beta */ = {
			isa = XCSwiftPackageProductDependency;
			package = 4075FD0E2C8D4EB500C52938 /* XCRemoteSwiftPackageReference "firebase-ios-sdk" */;
			productName = "FirebaseAppDistribution-Beta";
		};
		4075FD192C8D4EB500C52938 /* FirebaseAuth */ = {
			isa = XCSwiftPackageProductDependency;
			package = 4075FD0E2C8D4EB500C52938 /* XCRemoteSwiftPackageReference "firebase-ios-sdk" */;
			productName = FirebaseAuth;
		};
		4075FD1B2C8D4EB500C52938 /* FirebaseAuthCombine-Community */ = {
			isa = XCSwiftPackageProductDependency;
			package = 4075FD0E2C8D4EB500C52938 /* XCRemoteSwiftPackageReference "firebase-ios-sdk" */;
			productName = "FirebaseAuthCombine-Community";
		};
		4075FD1D2C8D4EB500C52938 /* FirebaseCrashlytics */ = {
			isa = XCSwiftPackageProductDependency;
			package = 4075FD0E2C8D4EB500C52938 /* XCRemoteSwiftPackageReference "firebase-ios-sdk" */;
			productName = FirebaseCrashlytics;
		};
		4075FD1F2C8D4EB500C52938 /* FirebaseDatabase */ = {
			isa = XCSwiftPackageProductDependency;
			package = 4075FD0E2C8D4EB500C52938 /* XCRemoteSwiftPackageReference "firebase-ios-sdk" */;
			productName = FirebaseDatabase;
		};
		4075FD212C8D4EB500C52938 /* FirebaseDynamicLinks */ = {
			isa = XCSwiftPackageProductDependency;
			package = 4075FD0E2C8D4EB500C52938 /* XCRemoteSwiftPackageReference "firebase-ios-sdk" */;
			productName = FirebaseDynamicLinks;
		};
		4075FD232C8D4EB500C52938 /* FirebaseFirestore */ = {
			isa = XCSwiftPackageProductDependency;
			package = 4075FD0E2C8D4EB500C52938 /* XCRemoteSwiftPackageReference "firebase-ios-sdk" */;
			productName = FirebaseFirestore;
		};
		4075FD252C8D4EB500C52938 /* FirebaseFirestoreCombine-Community */ = {
			isa = XCSwiftPackageProductDependency;
			package = 4075FD0E2C8D4EB500C52938 /* XCRemoteSwiftPackageReference "firebase-ios-sdk" */;
			productName = "FirebaseFirestoreCombine-Community";
		};
		4075FD272C8D4EB500C52938 /* FirebaseFunctions */ = {
			isa = XCSwiftPackageProductDependency;
			package = 4075FD0E2C8D4EB500C52938 /* XCRemoteSwiftPackageReference "firebase-ios-sdk" */;
			productName = FirebaseFunctions;
		};
		4075FD292C8D4EB500C52938 /* FirebaseFunctionsCombine-Community */ = {
			isa = XCSwiftPackageProductDependency;
			package = 4075FD0E2C8D4EB500C52938 /* XCRemoteSwiftPackageReference "firebase-ios-sdk" */;
			productName = "FirebaseFunctionsCombine-Community";
		};
		4075FD2B2C8D4EB500C52938 /* FirebaseInAppMessaging-Beta */ = {
			isa = XCSwiftPackageProductDependency;
			package = 4075FD0E2C8D4EB500C52938 /* XCRemoteSwiftPackageReference "firebase-ios-sdk" */;
			productName = "FirebaseInAppMessaging-Beta";
		};
		4075FD2D2C8D4EB500C52938 /* FirebaseInstallations */ = {
			isa = XCSwiftPackageProductDependency;
			package = 4075FD0E2C8D4EB500C52938 /* XCRemoteSwiftPackageReference "firebase-ios-sdk" */;
			productName = FirebaseInstallations;
		};
		4075FD2F2C8D4EB500C52938 /* FirebaseMLModelDownloader */ = {
			isa = XCSwiftPackageProductDependency;
			package = 4075FD0E2C8D4EB500C52938 /* XCRemoteSwiftPackageReference "firebase-ios-sdk" */;
			productName = FirebaseMLModelDownloader;
		};
		4075FD312C8D4EB500C52938 /* FirebaseMessaging */ = {
			isa = XCSwiftPackageProductDependency;
			package = 4075FD0E2C8D4EB500C52938 /* XCRemoteSwiftPackageReference "firebase-ios-sdk" */;
			productName = FirebaseMessaging;
		};
		4075FD332C8D4EB500C52938 /* FirebasePerformance */ = {
			isa = XCSwiftPackageProductDependency;
			package = 4075FD0E2C8D4EB500C52938 /* XCRemoteSwiftPackageReference "firebase-ios-sdk" */;
			productName = FirebasePerformance;
		};
		4075FD352C8D4EB500C52938 /* FirebaseRemoteConfig */ = {
			isa = XCSwiftPackageProductDependency;
			package = 4075FD0E2C8D4EB500C52938 /* XCRemoteSwiftPackageReference "firebase-ios-sdk" */;
			productName = FirebaseRemoteConfig;
		};
		4075FD372C8D4EB500C52938 /* FirebaseStorage */ = {
			isa = XCSwiftPackageProductDependency;
			package = 4075FD0E2C8D4EB500C52938 /* XCRemoteSwiftPackageReference "firebase-ios-sdk" */;
			productName = FirebaseStorage;
		};
		4075FD392C8D4EB500C52938 /* FirebaseStorageCombine-Community */ = {
			isa = XCSwiftPackageProductDependency;
			package = 4075FD0E2C8D4EB500C52938 /* XCRemoteSwiftPackageReference "firebase-ios-sdk" */;
			productName = "FirebaseStorageCombine-Community";
		};
		4075FD3B2C8D4EB500C52938 /* FirebaseVertexAI-Preview */ = {
			isa = XCSwiftPackageProductDependency;
			package = 4075FD0E2C8D4EB500C52938 /* XCRemoteSwiftPackageReference "firebase-ios-sdk" */;
			productName = "FirebaseVertexAI-Preview";
		};
/* End XCSwiftPackageProductDependency section */
	};
	rootObject = 4011E85D2A49759C003F06BF /* Project object */;
}
